
Microsoft Visual Studio Solution File, Format Version 12.00
# Visual Studio Version 17
VisualStudioVersion = 17.9.34723.18
MinimumVisualStudioVersion = 10.0.40219.1
Project("{9A19103F-16F7-4668-BE54-9A1E7A4F7556}") = "Quan_Ly_Kho", "Quan_Ly_Kho\Quan_Ly_Kho.csproj", "{5FF1078C-4E57-4061-844D-DA4472FC202B}"
EndProject
Project("{9A19103F-16F7-4668-BE54-9A1E7A4F7556}") = "Quan_Ly_Kho_Sys", "Quan_Ly_Kho_Sys\Quan_Ly_Kho_Sys.csproj", "{DFBBAFA6-BD8D-4E5F-B492-BD7644E4EF9B}"
EndProject
Project("{9A19103F-16F7-4668-BE54-9A1E7A4F7556}") = "Quan_Ly_Kho_Data_Access", "Quan_Ly_Kho_Data_Access\Quan_Ly_Kho_Data_Access.csproj", "{E40D639D-175E-4D31-8C92-67F4D763BC98}"
EndProject
Project("{2150E333-8FDC-42A3-9474-1A3956D46DE8}") = "Solution Items", "Solution Items", "{BA9A36A5-5752-4971-BD72-3100E38308E4}"
	ProjectSection(SolutionItems) = preProject
		.editorconfig = .editorconfig
	EndProjectSection
EndProject
Project("{9A19103F-16F7-4668-BE54-9A1E7A4F7556}") = "Quan_Ly_Kho_Common", "Quan_Ly_Kho_Common\Quan_Ly_Kho_Common.csproj", "{AE4A4761-2A68-4A61-B699-FEC66EB31DBA}"
EndProject
Project("{9A19103F-16F7-4668-BE54-9A1E7A4F7556}") = "Quan_Ly_Kho_Report", "Quan_Ly_Kho_Report\Quan_Ly_Kho_Report.csproj", "{58476D02-C966-4CD7-88B5-404E6D922962}"
EndProject
Project("{9A19103F-16F7-4668-BE54-9A1E7A4F7556}") = "Quan_Ly_Kho_DM", "Quan_Ly_Kho_DM\Quan_Ly_Kho_DM.csproj", "{68A3529B-D750-47E6-9C7E-5E63B7D99A48}"
EndProject
Project("{9A19103F-16F7-4668-BE54-9A1E7A4F7556}") = "Quan_Ly_Kho_Controls", "Quan_Ly_Kho_Controls\Quan_Ly_Kho_Controls.csproj", "{28FD39E8-779F-48A4-A0AA-6FEC28903279}"
EndProject
Project("{9A19103F-16F7-4668-BE54-9A1E7A4F7556}") = "Quan_Ly_Kho_Nhap_Kho", "Quan_Ly_Kho_Nhap_Kho\Quan_Ly_Kho_Nhap_Kho.csproj", "{FFE105E3-1FE5-42FE-883C-1DFAC6F003C9}"
EndProject
Project("{9A19103F-16F7-4668-BE54-9A1E7A4F7556}") = "Quan_Ly_Kho_Ton_Kho", "Quan_Ly_Kho_Ton_Kho\Quan_Ly_Kho_Ton_Kho.csproj", "{4E4D1FB9-7BBF-4A6B-9338-3A8FF847A969}"
EndProject
Project("{9A19103F-16F7-4668-BE54-9A1E7A4F7556}") = "Quan_Ly_Kho_Xuat_Kho", "Quan_Ly_Kho_Xuat_Kho\Quan_Ly_Kho_Xuat_Kho.csproj", "{8916C4E6-57F6-426C-880B-752C9979B2CC}"
EndProject
Global
	GlobalSection(SolutionConfigurationPlatforms) = preSolution
		Debug|Any CPU = Debug|Any CPU
		Debug|ARM = Debug|ARM
		Debug|ARM64 = Debug|ARM64
		Debug|x64 = Debug|x64
		Debug|x86 = Debug|x86
		Release|Any CPU = Release|Any CPU
		Release|ARM = Release|ARM
		Release|ARM64 = Release|ARM64
		Release|x64 = Release|x64
		Release|x86 = Release|x86
	EndGlobalSection
	GlobalSection(ProjectConfigurationPlatforms) = postSolution
		{5FF1078C-4E57-4061-844D-DA4472FC202B}.Debug|Any CPU.ActiveCfg = Debug|Any CPU
		{5FF1078C-4E57-4061-844D-DA4472FC202B}.Debug|Any CPU.Build.0 = Debug|Any CPU
		{5FF1078C-4E57-4061-844D-DA4472FC202B}.Debug|ARM.ActiveCfg = Debug|Any CPU
		{5FF1078C-4E57-4061-844D-DA4472FC202B}.Debug|ARM.Build.0 = Debug|Any CPU
		{5FF1078C-4E57-4061-844D-DA4472FC202B}.Debug|ARM64.ActiveCfg = Debug|Any CPU
		{5FF1078C-4E57-4061-844D-DA4472FC202B}.Debug|ARM64.Build.0 = Debug|Any CPU
		{5FF1078C-4E57-4061-844D-DA4472FC202B}.Debug|x64.ActiveCfg = Debug|Any CPU
		{5FF1078C-4E57-4061-844D-DA4472FC202B}.Debug|x64.Build.0 = Debug|Any CPU
		{5FF1078C-4E57-4061-844D-DA4472FC202B}.Debug|x86.ActiveCfg = Debug|Any CPU
		{5FF1078C-4E57-4061-844D-DA4472FC202B}.Debug|x86.Build.0 = Debug|Any CPU
		{5FF1078C-4E57-4061-844D-DA4472FC202B}.Release|Any CPU.ActiveCfg = Release|Any CPU
		{5FF1078C-4E57-4061-844D-DA4472FC202B}.Release|Any CPU.Build.0 = Release|Any CPU
		{5FF1078C-4E57-4061-844D-DA4472FC202B}.Release|ARM.ActiveCfg = Release|Any CPU
		{5FF1078C-4E57-4061-844D-DA4472FC202B}.Release|ARM.Build.0 = Release|Any CPU
		{5FF1078C-4E57-4061-844D-DA4472FC202B}.Release|ARM64.ActiveCfg = Release|Any CPU
		{5FF1078C-4E57-4061-844D-DA4472FC202B}.Release|ARM64.Build.0 = Release|Any CPU
		{5FF1078C-4E57-4061-844D-DA4472FC202B}.Release|x64.ActiveCfg = Release|Any CPU
		{5FF1078C-4E57-4061-844D-DA4472FC202B}.Release|x64.Build.0 = Release|Any CPU
		{5FF1078C-4E57-4061-844D-DA4472FC202B}.Release|x86.ActiveCfg = Release|Any CPU
		{5FF1078C-4E57-4061-844D-DA4472FC202B}.Release|x86.Build.0 = Release|Any CPU
		{DFBBAFA6-BD8D-4E5F-B492-BD7644E4EF9B}.Debug|Any CPU.ActiveCfg = Debug|Any CPU
		{DFBBAFA6-BD8D-4E5F-B492-BD7644E4EF9B}.Debug|Any CPU.Build.0 = Debug|Any CPU
		{DFBBAFA6-BD8D-4E5F-B492-BD7644E4EF9B}.Debug|ARM.ActiveCfg = Debug|Any CPU
		{DFBBAFA6-BD8D-4E5F-B492-BD7644E4EF9B}.Debug|ARM.Build.0 = Debug|Any CPU
		{DFBBAFA6-BD8D-4E5F-B492-BD7644E4EF9B}.Debug|ARM64.ActiveCfg = Debug|Any CPU
		{DFBBAFA6-BD8D-4E5F-B492-BD7644E4EF9B}.Debug|ARM64.Build.0 = Debug|Any CPU
		{DFBBAFA6-BD8D-4E5F-B492-BD7644E4EF9B}.Debug|x64.ActiveCfg = Debug|Any CPU
		{DFBBAFA6-BD8D-4E5F-B492-BD7644E4EF9B}.Debug|x64.Build.0 = Debug|Any CPU
		{DFBBAFA6-BD8D-4E5F-B492-BD7644E4EF9B}.Debug|x86.ActiveCfg = Debug|Any CPU
		{DFBBAFA6-BD8D-4E5F-B492-BD7644E4EF9B}.Debug|x86.Build.0 = Debug|Any CPU
		{DFBBAFA6-BD8D-4E5F-B492-BD7644E4EF9B}.Release|Any CPU.ActiveCfg = Release|Any CPU
		{DFBBAFA6-BD8D-4E5F-B492-BD7644E4EF9B}.Release|Any CPU.Build.0 = Release|Any CPU
		{DFBBAFA6-BD8D-4E5F-B492-BD7644E4EF9B}.Release|ARM.ActiveCfg = Release|Any CPU
		{DFBBAFA6-BD8D-4E5F-B492-BD7644E4EF9B}.Release|ARM.Build.0 = Release|Any CPU
		{DFBBAFA6-BD8D-4E5F-B492-BD7644E4EF9B}.Release|ARM64.ActiveCfg = Release|Any CPU
		{DFBBAFA6-BD8D-4E5F-B492-BD7644E4EF9B}.Release|ARM64.Build.0 = Release|Any CPU
		{DFBBAFA6-BD8D-4E5F-B492-BD7644E4EF9B}.Release|x64.ActiveCfg = Release|Any CPU
		{DFBBAFA6-BD8D-4E5F-B492-BD7644E4EF9B}.Release|x64.Build.0 = Release|Any CPU
		{DFBBAFA6-BD8D-4E5F-B492-BD7644E4EF9B}.Release|x86.ActiveCfg = Release|Any CPU
		{DFBBAFA6-BD8D-4E5F-B492-BD7644E4EF9B}.Release|x86.Build.0 = Release|Any CPU
		{E40D639D-175E-4D31-8C92-67F4D763BC98}.Debug|Any CPU.ActiveCfg = Debug|Any CPU
		{E40D639D-175E-4D31-8C92-67F4D763BC98}.Debug|Any CPU.Build.0 = Debug|Any CPU
		{E40D639D-175E-4D31-8C92-67F4D763BC98}.Debug|ARM.ActiveCfg = Debug|Any CPU
		{E40D639D-175E-4D31-8C92-67F4D763BC98}.Debug|ARM.Build.0 = Debug|Any CPU
		{E40D639D-175E-4D31-8C92-67F4D763BC98}.Debug|ARM64.ActiveCfg = Debug|Any CPU
		{E40D639D-175E-4D31-8C92-67F4D763BC98}.Debug|ARM64.Build.0 = Debug|Any CPU
		{E40D639D-175E-4D31-8C92-67F4D763BC98}.Debug|x64.ActiveCfg = Debug|Any CPU
		{E40D639D-175E-4D31-8C92-67F4D763BC98}.Debug|x64.Build.0 = Debug|Any CPU
		{E40D639D-175E-4D31-8C92-67F4D763BC98}.Debug|x86.ActiveCfg = Debug|Any CPU
		{E40D639D-175E-4D31-8C92-67F4D763BC98}.Debug|x86.Build.0 = Debug|Any CPU
		{E40D639D-175E-4D31-8C92-67F4D763BC98}.Release|Any CPU.ActiveCfg = Release|Any CPU
		{E40D639D-175E-4D31-8C92-67F4D763BC98}.Release|Any CPU.Build.0 = Release|Any CPU
		{E40D639D-175E-4D31-8C92-67F4D763BC98}.Release|ARM.ActiveCfg = Release|Any CPU
		{E40D639D-175E-4D31-8C92-67F4D763BC98}.Release|ARM.Build.0 = Release|Any CPU
		{E40D639D-175E-4D31-8C92-67F4D763BC98}.Release|ARM64.ActiveCfg = Release|Any CPU
		{E40D639D-175E-4D31-8C92-67F4D763BC98}.Release|ARM64.Build.0 = Release|Any CPU
		{E40D639D-175E-4D31-8C92-67F4D763BC98}.Release|x64.ActiveCfg = Release|Any CPU
		{E40D639D-175E-4D31-8C92-67F4D763BC98}.Release|x64.Build.0 = Release|Any CPU
		{E40D639D-175E-4D31-8C92-67F4D763BC98}.Release|x86.ActiveCfg = Release|Any CPU
		{E40D639D-175E-4D31-8C92-67F4D763BC98}.Release|x86.Build.0 = Release|Any CPU
		{AE4A4761-2A68-4A61-B699-FEC66EB31DBA}.Debug|Any CPU.ActiveCfg = Debug|Any CPU
		{AE4A4761-2A68-4A61-B699-FEC66EB31DBA}.Debug|Any CPU.Build.0 = Debug|Any CPU
		{AE4A4761-2A68-4A61-B699-FEC66EB31DBA}.Debug|ARM.ActiveCfg = Debug|Any CPU
		{AE4A4761-2A68-4A61-B699-FEC66EB31DBA}.Debug|ARM.Build.0 = Debug|Any CPU
		{AE4A4761-2A68-4A61-B699-FEC66EB31DBA}.Debug|ARM64.ActiveCfg = Debug|Any CPU
		{AE4A4761-2A68-4A61-B699-FEC66EB31DBA}.Debug|ARM64.Build.0 = Debug|Any CPU
		{AE4A4761-2A68-4A61-B699-FEC66EB31DBA}.Debug|x64.ActiveCfg = Debug|Any CPU
		{AE4A4761-2A68-4A61-B699-FEC66EB31DBA}.Debug|x64.Build.0 = Debug|Any CPU
		{AE4A4761-2A68-4A61-B699-FEC66EB31DBA}.Debug|x86.ActiveCfg = Debug|Any CPU
		{AE4A4761-2A68-4A61-B699-FEC66EB31DBA}.Debug|x86.Build.0 = Debug|Any CPU
		{AE4A4761-2A68-4A61-B699-FEC66EB31DBA}.Release|Any CPU.ActiveCfg = Release|Any CPU
		{AE4A4761-2A68-4A61-B699-FEC66EB31DBA}.Release|Any CPU.Build.0 = Release|Any CPU
		{AE4A4761-2A68-4A61-B699-FEC66EB31DBA}.Release|ARM.ActiveCfg = Release|Any CPU
		{AE4A4761-2A68-4A61-B699-FEC66EB31DBA}.Release|ARM.Build.0 = Release|Any CPU
		{AE4A4761-2A68-4A61-B699-FEC66EB31DBA}.Release|ARM64.ActiveCfg = Release|Any CPU
		{AE4A4761-2A68-4A61-B699-FEC66EB31DBA}.Release|ARM64.Build.0 = Release|Any CPU
		{AE4A4761-2A68-4A61-B699-FEC66EB31DBA}.Release|x64.ActiveCfg = Release|Any CPU
		{AE4A4761-2A68-4A61-B699-FEC66EB31DBA}.Release|x64.Build.0 = Release|Any CPU
		{AE4A4761-2A68-4A61-B699-FEC66EB31DBA}.Release|x86.ActiveCfg = Release|Any CPU
		{AE4A4761-2A68-4A61-B699-FEC66EB31DBA}.Release|x86.Build.0 = Release|Any CPU
		{58476D02-C966-4CD7-88B5-404E6D922962}.Debug|Any CPU.ActiveCfg = Debug|Any CPU
		{58476D02-C966-4CD7-88B5-404E6D922962}.Debug|Any CPU.Build.0 = Debug|Any CPU
		{58476D02-C966-4CD7-88B5-404E6D922962}.Debug|ARM.ActiveCfg = Debug|Any CPU
		{58476D02-C966-4CD7-88B5-404E6D922962}.Debug|ARM.Build.0 = Debug|Any CPU
		{58476D02-C966-4CD7-88B5-404E6D922962}.Debug|ARM64.ActiveCfg = Debug|Any CPU
		{58476D02-C966-4CD7-88B5-404E6D922962}.Debug|ARM64.Build.0 = Debug|Any CPU
		{58476D02-C966-4CD7-88B5-404E6D922962}.Debug|x64.ActiveCfg = Debug|Any CPU
		{58476D02-C966-4CD7-88B5-404E6D922962}.Debug|x64.Build.0 = Debug|Any CPU
		{58476D02-C966-4CD7-88B5-404E6D922962}.Debug|x86.ActiveCfg = Debug|Any CPU
		{58476D02-C966-4CD7-88B5-404E6D922962}.Debug|x86.Build.0 = Debug|Any CPU
		{58476D02-C966-4CD7-88B5-404E6D922962}.Release|Any CPU.ActiveCfg = Release|Any CPU
		{58476D02-C966-4CD7-88B5-404E6D922962}.Release|Any CPU.Build.0 = Release|Any CPU
		{58476D02-C966-4CD7-88B5-404E6D922962}.Release|ARM.ActiveCfg = Release|Any CPU
		{58476D02-C966-4CD7-88B5-404E6D922962}.Release|ARM.Build.0 = Release|Any CPU
		{58476D02-C966-4CD7-88B5-404E6D922962}.Release|ARM64.ActiveCfg = Release|Any CPU
		{58476D02-C966-4CD7-88B5-404E6D922962}.Release|ARM64.Build.0 = Release|Any CPU
		{58476D02-C966-4CD7-88B5-404E6D922962}.Release|x64.ActiveCfg = Release|Any CPU
		{58476D02-C966-4CD7-88B5-404E6D922962}.Release|x64.Build.0 = Release|Any CPU
		{58476D02-C966-4CD7-88B5-404E6D922962}.Release|x86.ActiveCfg = Release|Any CPU
		{58476D02-C966-4CD7-88B5-404E6D922962}.Release|x86.Build.0 = Release|Any CPU
		{68A3529B-D750-47E6-9C7E-5E63B7D99A48}.Debug|Any CPU.ActiveCfg = Debug|Any CPU
		{68A3529B-D750-47E6-9C7E-5E63B7D99A48}.Debug|Any CPU.Build.0 = Debug|Any CPU
		{68A3529B-D750-47E6-9C7E-5E63B7D99A48}.Debug|ARM.ActiveCfg = Debug|Any CPU
		{68A3529B-D750-47E6-9C7E-5E63B7D99A48}.Debug|ARM.Build.0 = Debug|Any CPU
		{68A3529B-D750-47E6-9C7E-5E63B7D99A48}.Debug|ARM64.ActiveCfg = Debug|Any CPU
		{68A3529B-D750-47E6-9C7E-5E63B7D99A48}.Debug|ARM64.Build.0 = Debug|Any CPU
		{68A3529B-D750-47E6-9C7E-5E63B7D99A48}.Debug|x64.ActiveCfg = Debug|Any CPU
		{68A3529B-D750-47E6-9C7E-5E63B7D99A48}.Debug|x64.Build.0 = Debug|Any CPU
		{68A3529B-D750-47E6-9C7E-5E63B7D99A48}.Debug|x86.ActiveCfg = Debug|Any CPU
		{68A3529B-D750-47E6-9C7E-5E63B7D99A48}.Debug|x86.Build.0 = Debug|Any CPU
		{68A3529B-D750-47E6-9C7E-5E63B7D99A48}.Release|Any CPU.ActiveCfg = Release|Any CPU
		{68A3529B-D750-47E6-9C7E-5E63B7D99A48}.Release|Any CPU.Build.0 = Release|Any CPU
		{68A3529B-D750-47E6-9C7E-5E63B7D99A48}.Release|ARM.ActiveCfg = Release|Any CPU
		{68A3529B-D750-47E6-9C7E-5E63B7D99A48}.Release|ARM.Build.0 = Release|Any CPU
		{68A3529B-D750-47E6-9C7E-5E63B7D99A48}.Release|ARM64.ActiveCfg = Release|Any CPU
		{68A3529B-D750-47E6-9C7E-5E63B7D99A48}.Release|ARM64.Build.0 = Release|Any CPU
		{68A3529B-D750-47E6-9C7E-5E63B7D99A48}.Release|x64.ActiveCfg = Release|Any CPU
		{68A3529B-D750-47E6-9C7E-5E63B7D99A48}.Release|x64.Build.0 = Release|Any CPU
		{68A3529B-D750-47E6-9C7E-5E63B7D99A48}.Release|x86.ActiveCfg = Release|Any CPU
		{68A3529B-D750-47E6-9C7E-5E63B7D99A48}.Release|x86.Build.0 = Release|Any CPU
		{28FD39E8-779F-48A4-A0AA-6FEC28903279}.Debug|Any CPU.ActiveCfg = Debug|Any CPU
		{28FD39E8-779F-48A4-A0AA-6FEC28903279}.Debug|Any CPU.Build.0 = Debug|Any CPU
		{28FD39E8-779F-48A4-A0AA-6FEC28903279}.Debug|ARM.ActiveCfg = Debug|Any CPU
		{28FD39E8-779F-48A4-A0AA-6FEC28903279}.Debug|ARM.Build.0 = Debug|Any CPU
		{28FD39E8-779F-48A4-A0AA-6FEC28903279}.Debug|ARM64.ActiveCfg = Debug|Any CPU
		{28FD39E8-779F-48A4-A0AA-6FEC28903279}.Debug|ARM64.Build.0 = Debug|Any CPU
		{28FD39E8-779F-48A4-A0AA-6FEC28903279}.Debug|x64.ActiveCfg = Debug|Any CPU
		{28FD39E8-779F-48A4-A0AA-6FEC28903279}.Debug|x64.Build.0 = Debug|Any CPU
		{28FD39E8-779F-48A4-A0AA-6FEC28903279}.Debug|x86.ActiveCfg = Debug|Any CPU
		{28FD39E8-779F-48A4-A0AA-6FEC28903279}.Debug|x86.Build.0 = Debug|Any CPU
		{28FD39E8-779F-48A4-A0AA-6FEC28903279}.Release|Any CPU.ActiveCfg = Release|Any CPU
		{28FD39E8-779F-48A4-A0AA-6FEC28903279}.Release|Any CPU.Build.0 = Release|Any CPU
		{28FD39E8-779F-48A4-A0AA-6FEC28903279}.Release|ARM.ActiveCfg = Release|Any CPU
		{28FD39E8-779F-48A4-A0AA-6FEC28903279}.Release|ARM.Build.0 = Release|Any CPU
		{28FD39E8-779F-48A4-A0AA-6FEC28903279}.Release|ARM64.ActiveCfg = Release|Any CPU
		{28FD39E8-779F-48A4-A0AA-6FEC28903279}.Release|ARM64.Build.0 = Release|Any CPU
		{28FD39E8-779F-48A4-A0AA-6FEC28903279}.Release|x64.ActiveCfg = Release|Any CPU
		{28FD39E8-779F-48A4-A0AA-6FEC28903279}.Release|x64.Build.0 = Release|Any CPU
		{28FD39E8-779F-48A4-A0AA-6FEC28903279}.Release|x86.ActiveCfg = Release|Any CPU
		{28FD39E8-779F-48A4-A0AA-6FEC28903279}.Release|x86.Build.0 = Release|Any CPU
		{FFE105E3-1FE5-42FE-883C-1DFAC6F003C9}.Debug|Any CPU.ActiveCfg = Debug|Any CPU
		{FFE105E3-1FE5-42FE-883C-1DFAC6F003C9}.Debug|Any CPU.Build.0 = Debug|Any CPU
		{FFE105E3-1FE5-42FE-883C-1DFAC6F003C9}.Debug|ARM.ActiveCfg = Debug|Any CPU
		{FFE105E3-1FE5-42FE-883C-1DFAC6F003C9}.Debug|ARM.Build.0 = Debug|Any CPU
		{FFE105E3-1FE5-42FE-883C-1DFAC6F003C9}.Debug|ARM64.ActiveCfg = Debug|Any CPU
		{FFE105E3-1FE5-42FE-883C-1DFAC6F003C9}.Debug|ARM64.Build.0 = Debug|Any CPU
		{FFE105E3-1FE5-42FE-883C-1DFAC6F003C9}.Debug|x64.ActiveCfg = Debug|Any CPU
		{FFE105E3-1FE5-42FE-883C-1DFAC6F003C9}.Debug|x64.Build.0 = Debug|Any CPU
		{FFE105E3-1FE5-42FE-883C-1DFAC6F003C9}.Debug|x86.ActiveCfg = Debug|Any CPU
		{FFE105E3-1FE5-42FE-883C-1DFAC6F003C9}.Debug|x86.Build.0 = Debug|Any CPU
		{FFE105E3-1FE5-42FE-883C-1DFAC6F003C9}.Release|Any CPU.ActiveCfg = Release|Any CPU
		{FFE105E3-1FE5-42FE-883C-1DFAC6F003C9}.Release|Any CPU.Build.0 = Release|Any CPU
		{FFE105E3-1FE5-42FE-883C-1DFAC6F003C9}.Release|ARM.ActiveCfg = Release|Any CPU
		{FFE105E3-1FE5-42FE-883C-1DFAC6F003C9}.Release|ARM.Build.0 = Release|Any CPU
		{FFE105E3-1FE5-42FE-883C-1DFAC6F003C9}.Release|ARM64.ActiveCfg = Release|Any CPU
		{FFE105E3-1FE5-42FE-883C-1DFAC6F003C9}.Release|ARM64.Build.0 = Release|Any CPU
		{FFE105E3-1FE5-42FE-883C-1DFAC6F003C9}.Release|x64.ActiveCfg = Release|Any CPU
		{FFE105E3-1FE5-42FE-883C-1DFAC6F003C9}.Release|x64.Build.0 = Release|Any CPU
		{FFE105E3-1FE5-42FE-883C-1DFAC6F003C9}.Release|x86.ActiveCfg = Release|Any CPU
		{FFE105E3-1FE5-42FE-883C-1DFAC6F003C9}.Release|x86.Build.0 = Release|Any CPU
		{4E4D1FB9-7BBF-4A6B-9338-3A8FF847A969}.Debug|Any CPU.ActiveCfg = Debug|Any CPU
		{4E4D1FB9-7BBF-4A6B-9338-3A8FF847A969}.Debug|Any CPU.Build.0 = Debug|Any CPU
		{4E4D1FB9-7BBF-4A6B-9338-3A8FF847A969}.Debug|ARM.ActiveCfg = Debug|Any CPU
		{4E4D1FB9-7BBF-4A6B-9338-3A8FF847A969}.Debug|ARM.Build.0 = Debug|Any CPU
		{4E4D1FB9-7BBF-4A6B-9338-3A8FF847A969}.Debug|ARM64.ActiveCfg = Debug|Any CPU
		{4E4D1FB9-7BBF-4A6B-9338-3A8FF847A969}.Debug|ARM64.Build.0 = Debug|Any CPU
		{4E4D1FB9-7BBF-4A6B-9338-3A8FF847A969}.Debug|x64.ActiveCfg = Debug|Any CPU
		{4E4D1FB9-7BBF-4A6B-9338-3A8FF847A969}.Debug|x64.Build.0 = Debug|Any CPU
		{4E4D1FB9-7BBF-4A6B-9338-3A8FF847A969}.Debug|x86.ActiveCfg = Debug|Any CPU
		{4E4D1FB9-7BBF-4A6B-9338-3A8FF847A969}.Debug|x86.Build.0 = Debug|Any CPU
		{4E4D1FB9-7BBF-4A6B-9338-3A8FF847A969}.Release|Any CPU.ActiveCfg = Release|Any CPU
		{4E4D1FB9-7BBF-4A6B-9338-3A8FF847A969}.Release|Any CPU.Build.0 = Release|Any CPU
		{4E4D1FB9-7BBF-4A6B-9338-3A8FF847A969}.Release|ARM.ActiveCfg = Release|Any CPU
		{4E4D1FB9-7BBF-4A6B-9338-3A8FF847A969}.Release|ARM.Build.0 = Release|Any CPU
		{4E4D1FB9-7BBF-4A6B-9338-3A8FF847A969}.Release|ARM64.ActiveCfg = Release|Any CPU
		{4E4D1FB9-7BBF-4A6B-9338-3A8FF847A969}.Release|ARM64.Build.0 = Release|Any CPU
		{4E4D1FB9-7BBF-4A6B-9338-3A8FF847A969}.Release|x64.ActiveCfg = Release|Any CPU
		{4E4D1FB9-7BBF-4A6B-9338-3A8FF847A969}.Release|x64.Build.0 = Release|Any CPU
		{4E4D1FB9-7BBF-4A6B-9338-3A8FF847A969}.Release|x86.ActiveCfg = Release|Any CPU
		{4E4D1FB9-7BBF-4A6B-9338-3A8FF847A969}.Release|x86.Build.0 = Release|Any CPU
		{8916C4E6-57F6-426C-880B-752C9979B2CC}.Debug|Any CPU.ActiveCfg = Debug|Any CPU
		{8916C4E6-57F6-426C-880B-752C9979B2CC}.Debug|Any CPU.Build.0 = Debug|Any CPU
		{8916C4E6-57F6-426C-880B-752C9979B2CC}.Debug|ARM.ActiveCfg = Debug|Any CPU
		{8916C4E6-57F6-426C-880B-752C9979B2CC}.Debug|ARM.Build.0 = Debug|Any CPU
		{8916C4E6-57F6-426C-880B-752C9979B2CC}.Debug|ARM64.ActiveCfg = Debug|Any CPU
		{8916C4E6-57F6-426C-880B-752C9979B2CC}.Debug|ARM64.Build.0 = Debug|Any CPU
		{8916C4E6-57F6-426C-880B-752C9979B2CC}.Debug|x64.ActiveCfg = Debug|Any CPU
		{8916C4E6-57F6-426C-880B-752C9979B2CC}.Debug|x64.Build.0 = Debug|Any CPU
		{8916C4E6-57F6-426C-880B-752C9979B2CC}.Debug|x86.ActiveCfg = Debug|Any CPU
		{8916C4E6-57F6-426C-880B-752C9979B2CC}.Debug|x86.Build.0 = Debug|Any CPU
		{8916C4E6-57F6-426C-880B-752C9979B2CC}.Release|Any CPU.ActiveCfg = Release|Any CPU
		{8916C4E6-57F6-426C-880B-752C9979B2CC}.Release|Any CPU.Build.0 = Release|Any CPU
		{8916C4E6-57F6-426C-880B-752C9979B2CC}.Release|ARM.ActiveCfg = Release|Any CPU
		{8916C4E6-57F6-426C-880B-752C9979B2CC}.Release|ARM.Build.0 = Release|Any CPU
		{8916C4E6-57F6-426C-880B-752C9979B2CC}.Release|ARM64.ActiveCfg = Release|Any CPU
		{8916C4E6-57F6-426C-880B-752C9979B2CC}.Release|ARM64.Build.0 = Release|Any CPU
		{8916C4E6-57F6-426C-880B-752C9979B2CC}.Release|x64.ActiveCfg = Release|Any CPU
		{8916C4E6-57F6-426C-880B-752C9979B2CC}.Release|x64.Build.0 = Release|Any CPU
		{8916C4E6-57F6-426C-880B-752C9979B2CC}.Release|x86.ActiveCfg = Release|Any CPU
		{8916C4E6-57F6-426C-880B-752C9979B2CC}.Release|x86.Build.0 = Release|Any CPU
	EndGlobalSection
	GlobalSection(SolutionProperties) = preSolution
		HideSolutionNode = FALSE
	EndGlobalSection
	GlobalSection(ExtensibilityGlobals) = postSolution
		SolutionGuid = {7A193EC2-6542-490F-BFC3-C201C9B09B06}
	EndGlobalSection
EndGlobal
